// !$*UTF8*$!
{
	archiveVersion = 1;
	classes = {
	};
	objectVersion = 55;
	objects = {

/* Begin PBXBuildFile section */
		F9F17865287ACA0B0085FC1F /* AppDelegate.swift in Sources */ = {isa = PBXBuildFile; fileRef = F9F17864287ACA0B0085FC1F /* AppDelegate.swift */; };
		F9F17867287ACA0B0085FC1F /* SceneDelegate.swift in Sources */ = {isa = PBXBuildFile; fileRef = F9F17866287ACA0B0085FC1F /* SceneDelegate.swift */; };
		F9F17869287ACA0B0085FC1F /* ViewController.swift in Sources */ = {isa = PBXBuildFile; fileRef = F9F17868287ACA0B0085FC1F /* ViewController.swift */; };
		F9F1786C287ACA0B0085FC1F /* Main.storyboard in Resources */ = {isa = PBXBuildFile; fileRef = F9F1786A287ACA0B0085FC1F /* Main.storyboard */; };
		F9F1786E287ACA0D0085FC1F /* Assets.xcassets in Resources */ = {isa = PBXBuildFile; fileRef = F9F1786D287ACA0D0085FC1F /* Assets.xcassets */; };
		F9F17871287ACA0D0085FC1F /* LaunchScreen.storyboard in Resources */ = {isa = PBXBuildFile; fileRef = F9F1786F287ACA0D0085FC1F /* LaunchScreen.storyboard */; };
		F9F17883287ACAAD0085FC1F /* nssl0049.jpg in Resources */ = {isa = PBXBuildFile; fileRef = F9F17879287ACAAD0085FC1F /* nssl0049.jpg */; };
		F9F17884287ACAAD0085FC1F /* nssl0046.jpg in Resources */ = {isa = PBXBuildFile; fileRef = F9F1787A287ACAAD0085FC1F /* nssl0046.jpg */; };
		F9F17885287ACAAD0085FC1F /* nssl0091.jpg in Resources */ = {isa = PBXBuildFile; fileRef = F9F1787B287ACAAD0085FC1F /* nssl0091.jpg */; };
		F9F17886287ACAAD0085FC1F /* nssl0045.jpg in Resources */ = {isa = PBXBuildFile; fileRef = F9F1787C287ACAAD0085FC1F /* nssl0045.jpg */; };
		F9F17887287ACAAD0085FC1F /* nssl0051.jpg in Resources */ = {isa = PBXBuildFile; fileRef = F9F1787D287ACAAD0085FC1F /* nssl0051.jpg */; };
		F9F17888287ACAAD0085FC1F /* nssl0041.jpg in Resources */ = {isa = PBXBuildFile; fileRef = F9F1787E287ACAAD0085FC1F /* nssl0041.jpg */; };
		F9F17889287ACAAD0085FC1F /* nssl0042.jpg in Resources */ = {isa = PBXBuildFile; fileRef = F9F1787F287ACAAD0085FC1F /* nssl0042.jpg */; };
		F9F1788A287ACAAD0085FC1F /* nssl0043.jpg in Resources */ = {isa = PBXBuildFile; fileRef = F9F17880287ACAAD0085FC1F /* nssl0043.jpg */; };
		F9F1788B287ACAAD0085FC1F /* nssl0033.jpg in Resources */ = {isa = PBXBuildFile; fileRef = F9F17881287ACAAD0085FC1F /* nssl0033.jpg */; };
		F9F1788C287ACAAD0085FC1F /* nssl0034.jpg in Resources */ = {isa = PBXBuildFile; fileRef = F9F17882287ACAAD0085FC1F /* nssl0034.jpg */; };
/* End PBXBuildFile section */

/* Begin PBXFileReference section */
		F9F17861287ACA0B0085FC1F /* Project3.app */ = {isa = PBXFileReference; explicitFileType = wrapper.application; includeInIndex = 0; path = Project3.app; sourceTree = BUILT_PRODUCTS_DIR; };
		F9F17864287ACA0B0085FC1F /* AppDelegate.swift */ = {isa = PBXFileReference; lastKnownFileType = sourcecode.swift; path = AppDelegate.swift; sourceTree = "<group>"; };
		F9F17866287ACA0B0085FC1F /* SceneDelegate.swift */ = {isa = PBXFileReference; lastKnownFileType = sourcecode.swift; path = SceneDelegate.swift; sourceTree = "<group>"; };
		F9F17868287ACA0B0085FC1F /* ViewController.swift */ = {isa = PBXFileReference; lastKnownFileType = sourcecode.swift; path = ViewController.swift; sourceTree = "<group>"; };
		F9F1786B287ACA0B0085FC1F /* Base */ = {isa = PBXFileReference; lastKnownFileType = file.storyboard; name = Base; path = Base.lproj/Main.storyboard; sourceTree = "<group>"; };
		F9F1786D287ACA0D0085FC1F /* Assets.xcassets */ = {isa = PBXFileReference; lastKnownFileType = folder.assetcatalog; path = Assets.xcassets; sourceTree = "<group>"; };
		F9F17870287ACA0D0085FC1F /* Base */ = {isa = PBXFileReference; lastKnownFileType = file.storyboard; name = Base; path = Base.lproj/LaunchScreen.storyboard; sourceTree = "<group>"; };
		F9F17872287ACA0D0085FC1F /* Info.plist */ = {isa = PBXFileReference; lastKnownFileType = text.plist.xml; path = Info.plist; sourceTree = "<group>"; };
		F9F17879287ACAAD0085FC1F /* nssl0049.jpg */ = {isa = PBXFileReference; lastKnownFileType = image.jpeg; path = nssl0049.jpg; sourceTree = "<group>"; };
		F9F1787A287ACAAD0085FC1F /* nssl0046.jpg */ = {isa = PBXFileReference; lastKnownFileType = image.jpeg; path = nssl0046.jpg; sourceTree = "<group>"; };
		F9F1787B287ACAAD0085FC1F /* nssl0091.jpg */ = {isa = PBXFileReference; lastKnownFileType = image.jpeg; path = nssl0091.jpg; sourceTree = "<group>"; };
		F9F1787C287ACAAD0085FC1F /* nssl0045.jpg */ = {isa = PBXFileReference; lastKnownFileType = image.jpeg; path = nssl0045.jpg; sourceTree = "<group>"; };
		F9F1787D287ACAAD0085FC1F /* nssl0051.jpg */ = {isa = PBXFileReference; lastKnownFileType = image.jpeg; path = nssl0051.jpg; sourceTree = "<group>"; };
		F9F1787E287ACAAD0085FC1F /* nssl0041.jpg */ = {isa = PBXFileReference; lastKnownFileType = image.jpeg; path = nssl0041.jpg; sourceTree = "<group>"; };
		F9F1787F287ACAAD0085FC1F /* nssl0042.jpg */ = {isa = PBXFileReference; lastKnownFileType = image.jpeg; path = nssl0042.jpg; sourceTree = "<group>"; };
		F9F17880287ACAAD0085FC1F /* nssl0043.jpg */ = {isa = PBXFileReference; lastKnownFileType = image.jpeg; path = nssl0043.jpg; sourceTree = "<group>"; };
		F9F17881287ACAAD0085FC1F /* nssl0033.jpg */ = {isa = PBXFileReference; lastKnownFileType = image.jpeg; path = nssl0033.jpg; sourceTree = "<group>"; };
		F9F17882287ACAAD0085FC1F /* nssl0034.jpg */ = {isa = PBXFileReference; lastKnownFileType = image.jpeg; path = nssl0034.jpg; sourceTree = "<group>"; };
/* End PBXFileReference section */

/* Begin PBXFrameworksBuildPhase section */
		F9F1785E287ACA0B0085FC1F /* Frameworks */ = {
			isa = PBXFrameworksBuildPhase;
			buildActionMask = 2147483647;
			files = (
			);
			runOnlyForDeploymentPostprocessing = 0;
		};
/* End PBXFrameworksBuildPhase section */

/* Begin PBXGroup section */
		F9F17858287ACA0B0085FC1F = {
			isa = PBXGroup;
			children = (
				F9F17863287ACA0B0085FC1F /* Project3 */,
				F9F17862287ACA0B0085FC1F /* Products */,
			);
			sourceTree = "<group>";
		};
		F9F17862287ACA0B0085FC1F /* Products */ = {
			isa = PBXGroup;
			children = (
				F9F17861287ACA0B0085FC1F /* Project3.app */,
			);
			name = Products;
			sourceTree = "<group>";
		};
		F9F17863287ACA0B0085FC1F /* Project3 */ = {
			isa = PBXGroup;
			children = (
				F9F17864287ACA0B0085FC1F /* AppDelegate.swift */,
				F9F17866287ACA0B0085FC1F /* SceneDelegate.swift */,
				F9F17868287ACA0B0085FC1F /* ViewController.swift */,
				F9F1786A287ACA0B0085FC1F /* Main.storyboard */,
				F9F1786D287ACA0D0085FC1F /* Assets.xcassets */,
				F9F1786F287ACA0D0085FC1F /* LaunchScreen.storyboard */,
				F9F17872287ACA0D0085FC1F /* Info.plist */,
				F9F17878287ACAAD0085FC1F /* Content */,
			);
			path = Project3;
			sourceTree = "<group>";
		};
		F9F17878287ACAAD0085FC1F /* Content */ = {
			isa = PBXGroup;
			children = (
				F9F17879287ACAAD0085FC1F /* nssl0049.jpg */,
				F9F1787A287ACAAD0085FC1F /* nssl0046.jpg */,
				F9F1787B287ACAAD0085FC1F /* nssl0091.jpg */,
				F9F1787C287ACAAD0085FC1F /* nssl0045.jpg */,
				F9F1787D287ACAAD0085FC1F /* nssl0051.jpg */,
				F9F1787E287ACAAD0085FC1F /* nssl0041.jpg */,
				F9F1787F287ACAAD0085FC1F /* nssl0042.jpg */,
				F9F17880287ACAAD0085FC1F /* nssl0043.jpg */,
				F9F17881287ACAAD0085FC1F /* nssl0033.jpg */,
				F9F17882287ACAAD0085FC1F /* nssl0034.jpg */,
			);
			path = Content;
			sourceTree = "<group>";
		};
/* End PBXGroup section */

/* Begin PBXNativeTarget section */
		F9F17860287ACA0B0085FC1F /* Project3 */ = {
			isa = PBXNativeTarget;
			buildConfigurationList = F9F17875287ACA0D0085FC1F /* Build configuration list for PBXNativeTarget "Project3" */;
			buildPhases = (
				F9F1785D287ACA0B0085FC1F /* Sources */,
				F9F1785E287ACA0B0085FC1F /* Frameworks */,
				F9F1785F287ACA0B0085FC1F /* Resources */,
			);
			buildRules = (
			);
			dependencies = (
			);
			name = Project3;
			productName = Project3;
			productReference = F9F17861287ACA0B0085FC1F /* Project3.app */;
			productType = "com.apple.product-type.application";
		};
/* End PBXNativeTarget section */

/* Begin PBXProject section */
		F9F17859287ACA0B0085FC1F /* Project object */ = {
			isa = PBXProject;
			attributes = {
				BuildIndependentTargetsInParallel = 1;
				LastSwiftUpdateCheck = 1340;
				LastUpgradeCheck = 1340;
				TargetAttributes = {
					F9F17860287ACA0B0085FC1F = {
						CreatedOnToolsVersion = 13.4.1;
					};
				};
			};
			buildConfigurationList = F9F1785C287ACA0B0085FC1F /* Build configuration list for PBXProject "Project3" */;
			compatibilityVersion = "Xcode 13.0";
			developmentRegion = en;
			hasScannedForEncodings = 0;
			knownRegions = (
				en,
				Base,
			);
			mainGroup = F9F17858287ACA0B0085FC1F;
			productRefGroup = F9F17862287ACA0B0085FC1F /* Products */;
			projectDirPath = "";
			projectRoot = "";
			targets = (
				F9F17860287ACA0B0085FC1F /* Project3 */,
			);
		};
/* End PBXProject section */

/* Begin PBXResourcesBuildPhase section */
		F9F1785F287ACA0B0085FC1F /* Resources */ = {
			isa = PBXResourcesBuildPhase;
			buildActionMask = 2147483647;
			files = (
				F9F17884287ACAAD0085FC1F /* nssl0046.jpg in Resources */,
				F9F1788B287ACAAD0085FC1F /* nssl0033.jpg in Resources */,
				F9F17887287ACAAD0085FC1F /* nssl0051.jpg in Resources */,
				F9F17885287ACAAD0085FC1F /* nssl0091.jpg in Resources */,
				F9F1788A287ACAAD0085FC1F /* nssl0043.jpg in Resources */,
				F9F1788C287ACAAD0085FC1F /* nssl0034.jpg in Resources */,
				F9F17883287ACAAD0085FC1F /* nssl0049.jpg in Resources */,
				F9F17888287ACAAD0085FC1F /* nssl0041.jpg in Resources */,
				F9F17889287ACAAD0085FC1F /* nssl0042.jpg in Resources */,
				F9F17871287ACA0D0085FC1F /* LaunchScreen.storyboard in Resources */,
				F9F1786E287ACA0D0085FC1F /* Assets.xcassets in Resources */,
				F9F17886287ACAAD0085FC1F /* nssl0045.jpg in Resources */,
				F9F1786C287ACA0B0085FC1F /* Main.storyboard in Resources */,
			);
			runOnlyForDeploymentPostprocessing = 0;
		};
/* End PBXResourcesBuildPhase section */

/* Begin PBXSourcesBuildPhase section */
		F9F1785D287ACA0B0085FC1F /* Sources */ = {
			isa = PBXSourcesBuildPhase;
			buildActionMask = 2147483647;
			files = (
				F9F17869287ACA0B0085FC1F /* ViewController.swift in Sources */,
				F9F17865287ACA0B0085FC1F /* AppDelegate.swift in Sources */,
				F9F17867287ACA0B0085FC1F /* SceneDelegate.swift in Sources */,
			);
			runOnlyForDeploymentPostprocessing = 0;
		};
/* End PBXSourcesBuildPhase section */

/* Begin PBXVariantGroup section */
		F9F1786A287ACA0B0085FC1F /* Main.storyboard */ = {
			isa = PBXVariantGroup;
			children = (
				F9F1786B287ACA0B0085FC1F /* Base */,
			);
			name = Main.storyboard;
			sourceTree = "<group>";
		};
		F9F1786F287ACA0D0085FC1F /* LaunchScreen.storyboard */ = {
			isa = PBXVariantGroup;
			children = (
				F9F17870287ACA0D0085FC1F /* Base */,
			);
			name = LaunchScreen.storyboard;
			sourceTree = "<group>";
		};
/* End PBXVariantGroup section */

/* Begin XCBuildConfiguration section */
		F9F17873287ACA0D0085FC1F /* Debug */ = {
			isa = XCBuildConfiguration;
			buildSettings = {
				ALWAYS_SEARCH_USER_PATHS = NO;
				CLANG_ANALYZER_NONNULL = YES;
				CLANG_ANALYZER_NUMBER_OBJECT_CONVERSION = YES_AGGRESSIVE;
				CLANG_CXX_LANGUAGE_STANDARD = "gnu++17";
				CLANG_ENABLE_MODULES = YES;
				CLANG_ENABLE_OBJC_ARC = YES;
				CLANG_ENABLE_OBJC_WEAK = YES;
				CLANG_WARN_BLOCK_CAPTURE_AUTORELEASING = YES;
				CLANG_WARN_BOOL_CONVERSION = YES;
				CLANG_WARN_COMMA = YES;
				CLANG_WARN_CONSTANT_CONVERSION = YES;
				CLANG_WARN_DEPRECATED_OBJC_IMPLEMENTATIONS = YES;
				CLANG_WARN_DIRECT_OBJC_ISA_USAGE = YES_ERROR;
				CLANG_WARN_DOCUMENTATION_COMMENTS = YES;
				CLANG_WARN_EMPTY_BODY = YES;
				CLANG_WARN_ENUM_CONVERSION = YES;
				CLANG_WARN_INFINITE_RECURSION = YES;
				CLANG_WARN_INT_CONVERSION = YES;
				CLANG_WARN_NON_LITERAL_NULL_CONVERSION = YES;
				CLANG_WARN_OBJC_IMPLICIT_RETAIN_SELF = YES;
				CLANG_WARN_OBJC_LITERAL_CONVERSION = YES;
				CLANG_WARN_OBJC_ROOT_CLASS = YES_ERROR;
				CLANG_WARN_QUOTED_INCLUDE_IN_FRAMEWORK_HEADER = YES;
				CLANG_WARN_RANGE_LOOP_ANALYSIS = YES;
				CLANG_WARN_STRICT_PROTOTYPES = YES;
				CLANG_WARN_SUSPICIOUS_MOVE = YES;
				CLANG_WARN_UNGUARDED_AVAILABILITY = YES_AGGRESSIVE;
				CLANG_WARN_UNREACHABLE_CODE = YES;
				CLANG_WARN__DUPLICATE_METHOD_MATCH = YES;
				COPY_PHASE_STRIP = NO;
				DEBUG_INFORMATION_FORMAT = dwarf;
				ENABLE_STRICT_OBJC_MSGSEND = YES;
				ENABLE_TESTABILITY = YES;
				GCC_C_LANGUAGE_STANDARD = gnu11;
				GCC_DYNAMIC_NO_PIC = NO;
				GCC_NO_COMMON_BLOCKS = YES;
				GCC_OPTIMIZATION_LEVEL = 0;
				GCC_PREPROCESSOR_DEFINITIONS = (
					"DEBUG=1",
					"$(inherited)",
				);
				GCC_WARN_64_TO_32_BIT_CONVERSION = YES;
				GCC_WARN_ABOUT_RETURN_TYPE = YES_ERROR;
				GCC_WARN_UNDECLARED_SELECTOR = YES;
				GCC_WARN_UNINITIALIZED_AUTOS = YES_AGGRESSIVE;
				GCC_WARN_UNUSED_FUNCTION = YES;
				GCC_WARN_UNUSED_VARIABLE = YES;
				IPHONEOS_DEPLOYMENT_TARGET = 15.5;
				MTL_ENABLE_DEBUG_INFO = INCLUDE_SOURCE;
				MTL_FAST_MATH = YES;
				ONLY_ACTIVE_ARCH = YES;
				SDKROOT = iphoneos;
				SWIFT_ACTIVE_COMPILATION_CONDITIONS = DEBUG;
				SWIFT_OPTIMIZATION_LEVEL = "-Onone";
			};
			name = Debug;
		};
		F9F17874287ACA0D0085FC1F /* Release */ = {
			isa = XCBuildConfiguration;
			buildSettings = {
				ALWAYS_SEARCH_USER_PATHS = NO;
				CLANG_ANALYZER_NONNULL = YES;
				CLANG_ANALYZER_NUMBER_OBJECT_CONVERSION = YES_AGGRESSIVE;
				CLANG_CXX_LANGUAGE_STANDARD = "gnu++17";
				CLANG_ENABLE_MODULES = YES;
				CLANG_ENABLE_OBJC_ARC = YES;
				CLANG_ENABLE_OBJC_WEAK = YES;
				CLANG_WARN_BLOCK_CAPTURE_AUTORELEASING = YES;
				CLANG_WARN_BOOL_CONVERSION = YES;
				CLANG_WARN_COMMA = YES;
				CLANG_WARN_CONSTANT_CONVERSION = YES;
				CLANG_WARN_DEPRECATED_OBJC_IMPLEMENTATIONS = YES;
				CLANG_WARN_DIRECT_OBJC_ISA_USAGE = YES_ERROR;
				CLANG_WARN_DOCUMENTATION_COMMENTS = YES;
				CLANG_WARN_EMPTY_BODY = YES;
				CLANG_WARN_ENUM_CONVERSION = YES;
				CLANG_WARN_INFINITE_RECURSION = YES;
				CLANG_WARN_INT_CONVERSION = YES;
				CLANG_WARN_NON_LITERAL_NULL_CONVERSION = YES;
				CLANG_WARN_OBJC_IMPLICIT_RETAIN_SELF = YES;
				CLANG_WARN_OBJC_LITERAL_CONVERSION = YES;
				CLANG_WARN_OBJC_ROOT_CLASS = YES_ERROR;
				CLANG_WARN_QUOTED_INCLUDE_IN_FRAMEWORK_HEADER = YES;
				CLANG_WARN_RANGE_LOOP_ANALYSIS = YES;
				CLANG_WARN_STRICT_PROTOTYPES = YES;
				CLANG_WARN_SUSPICIOUS_MOVE = YES;
				CLANG_WARN_UNGUARDED_AVAILABILITY = YES_AGGRESSIVE;
				CLANG_WARN_UNREACHABLE_CODE = YES;
				CLANG_WARN__DUPLICATE_METHOD_MATCH = YES;
				COPY_PHASE_STRIP = NO;
				DEBUG_INFORMATION_FORMAT = "dwarf-with-dsym";
				ENABLE_NS_ASSERTIONS = NO;
				ENABLE_STRICT_OBJC_MSGSEND = YES;
				GCC_C_LANGUAGE_STANDARD = gnu11;
				GCC_NO_COMMON_BLOCKS = YES;
				GCC_WARN_64_TO_32_BIT_CONVERSION = YES;
				GCC_WARN_ABOUT_RETURN_TYPE = YES_ERROR;
				GCC_WARN_UNDECLARED_SELECTOR = YES;
				GCC_WARN_UNINITIALIZED_AUTOS = YES_AGGRESSIVE;
				GCC_WARN_UNUSED_FUNCTION = YES;
				GCC_WARN_UNUSED_VARIABLE = YES;
				IPHONEOS_DEPLOYMENT_TARGET = 15.5;
				MTL_ENABLE_DEBUG_INFO = NO;
				MTL_FAST_MATH = YES;
				SDKROOT = iphoneos;
				SWIFT_COMPILATION_MODE = wholemodule;
				SWIFT_OPTIMIZATION_LEVEL = "-O";
				VALIDATE_PRODUCT = YES;
			};
			name = Release;
		};
		F9F17876287ACA0D0085FC1F /* Debug */ = {
			isa = XCBuildConfiguration;
			buildSettings = {
				ASSETCATALOG_COMPILER_APPICON_NAME = AppIcon;
				ASSETCATALOG_COMPILER_GLOBAL_ACCENT_COLOR_NAME = AccentColor;
				CODE_SIGN_STYLE = Automatic;
				CURRENT_PROJECT_VERSION = 1;
				GENERATE_INFOPLIST_FILE = YES;
				INFOPLIST_FILE = Project3/Info.plist;
				INFOPLIST_KEY_UIApplicationSupportsIndirectInputEvents = YES;
				INFOPLIST_KEY_UILaunchStoryboardName = LaunchScreen;
				INFOPLIST_KEY_UIMainStoryboardFile = Main;
				INFOPLIST_KEY_UISupportedInterfaceOrientations_iPad = "UIInterfaceOrientationPortrait UIInterfaceOrientationPortraitUpsideDown UIInterfaceOrientationLandscapeLeft UIInterfaceOrientationLandscapeRight";
				INFOPLIST_KEY_UISupportedInterfaceOrientations_iPhone = "UIInterfaceOrientationPortrait UIInterfaceOrientationLandscapeLeft UIInterfaceOrientationLandscapeRight";
				LD_RUNPATH_SEARCH_PATHS = (
					"$(inherited)",
					"@executable_path/Frameworks",
				);
				MARKETING_VERSION = 1.0;
				PRODUCT_BUNDLE_IDENTIFIER = com.abdulvokhid.Project3;
				PRODUCT_NAME = "$(TARGET_NAME)";
				SWIFT_EMIT_LOC_STRINGS = YES;
				SWIFT_VERSION = 5.0;
				TARGETED_DEVICE_FAMILY = "1,2";
			};
			name = Debug;
		};
		F9F17877287ACA0D0085FC1F /* Release */ = {
			isa = XCBuildConfiguration;
			buildSettings = {
				ASSETCATALOG_COMPILER_APPICON_NAME = AppIcon;
				ASSETCATALOG_COMPILER_GLOBAL_ACCENT_COLOR_NAME = AccentColor;
				CODE_SIGN_STYLE = Automatic;
				CURRENT_PROJECT_VERSION = 1;
				GENERATE_INFOPLIST_FILE = YES;
				INFOPLIST_FILE = Project3/Info.plist;
				INFOPLIST_KEY_UIApplicationSupportsIndirectInputEvents = YES;
				INFOPLIST_KEY_UILaunchStoryboardName = LaunchScreen;
				INFOPLIST_KEY_UIMainStoryboardFile = Main;
				INFOPLIST_KEY_UISupportedInterfaceOrientations_iPad = "UIInterfaceOrientationPortrait UIInterfaceOrientationPortraitUpsideDown UIInterfaceOrientationLandscapeLeft UIInterfaceOrientationLandscapeRight";
				INFOPLIST_KEY_UISupportedInterfaceOrientations_iPhone = "UIInterfaceOrientationPortrait UIInterfaceOrientationLandscapeLeft UIInterfaceOrientationLandscapeRight";
				LD_RUNPATH_SEARCH_PATHS = (
					"$(inherited)",
					"@executable_path/Frameworks",
				);
				MARKETING_VERSION = 1.0;
				PRODUCT_BUNDLE_IDENTIFIER = com.abdulvokhid.Project3;
				PRODUCT_NAME = "$(TARGET_NAME)";
				SWIFT_EMIT_LOC_STRINGS = YES;
				SWIFT_VERSION = 5.0;
				TARGETED_DEVICE_FAMILY = "1,2";
			};
			name = Release;
		};
/* End XCBuildConfiguration section */

/* Begin XCConfigurationList section */
		F9F1785C287ACA0B0085FC1F /* Build configuration list for PBXProject "Project3" */ = {
			isa = XCConfigurationList;
			buildConfigurations = (
				F9F17873287ACA0D0085FC1F /* Debug */,
				F9F17874287ACA0D0085FC1F /* Release */,
			);
			defaultConfigurationIsVisible = 0;
			defaultConfigurationName = Release;
		};
		F9F17875287ACA0D0085FC1F /* Build configuration list for PBXNativeTarget "Project3" */ = {
			isa = XCConfigurationList;
			buildConfigurations = (
				F9F17876287ACA0D0085FC1F /* Debug */,
				F9F17877287ACA0D0085FC1F /* Release */,
			);
			defaultConfigurationIsVisible = 0;
			defaultConfigurationName = Release;
		};
/* End XCConfigurationList section */
	};
	rootObject = F9F17859287ACA0B0085FC1F /* Project object */;
}
