// !$*UTF8*$!
{
	archiveVersion = 1;
	classes = {
	};
	objectVersion = 55;
	objects = {

/* Begin PBXBuildFile section */
		F9942F5C287F17FE002FE1C9 /* AppDelegate.swift in Sources */ = {isa = PBXBuildFile; fileRef = F9942F5B287F17FE002FE1C9 /* AppDelegate.swift */; };
		F9942F5E287F17FE002FE1C9 /* SceneDelegate.swift in Sources */ = {isa = PBXBuildFile; fileRef = F9942F5D287F17FE002FE1C9 /* SceneDelegate.swift */; };
		F9942F60287F17FE002FE1C9 /* ViewController.swift in Sources */ = {isa = PBXBuildFile; fileRef = F9942F5F287F17FE002FE1C9 /* ViewController.swift */; };
		F9942F63287F17FE002FE1C9 /* Main.storyboard in Resources */ = {isa = PBXBuildFile; fileRef = F9942F61287F17FE002FE1C9 /* Main.storyboard */; };
		F9942F65287F1802002FE1C9 /* Assets.xcassets in Resources */ = {isa = PBXBuildFile; fileRef = F9942F64287F1802002FE1C9 /* Assets.xcassets */; };
		F9942F68287F1802002FE1C9 /* LaunchScreen.storyboard in Resources */ = {isa = PBXBuildFile; fileRef = F9942F66287F1802002FE1C9 /* LaunchScreen.storyboard */; };
		F9942F7C287F24B4002FE1C9 /* nigeria@3x.png in Resources */ = {isa = PBXBuildFile; fileRef = F9942F70287F24B4002FE1C9 /* nigeria@3x.png */; };
		F9942F7D287F24B4002FE1C9 /* spain@3x.png in Resources */ = {isa = PBXBuildFile; fileRef = F9942F71287F24B4002FE1C9 /* spain@3x.png */; };
		F9942F7E287F24B4002FE1C9 /* italy@3x.png in Resources */ = {isa = PBXBuildFile; fileRef = F9942F72287F24B4002FE1C9 /* italy@3x.png */; };
		F9942F7F287F24B4002FE1C9 /* germany@3x.png in Resources */ = {isa = PBXBuildFile; fileRef = F9942F73287F24B4002FE1C9 /* germany@3x.png */; };
		F9942F80287F24B4002FE1C9 /* ireland@3x.png in Resources */ = {isa = PBXBuildFile; fileRef = F9942F74287F24B4002FE1C9 /* ireland@3x.png */; };
		F9942F81287F24B4002FE1C9 /* estonia@3x.png in Resources */ = {isa = PBXBuildFile; fileRef = F9942F75287F24B4002FE1C9 /* estonia@3x.png */; };
		F9942F82287F24B4002FE1C9 /* russia@3x.png in Resources */ = {isa = PBXBuildFile; fileRef = F9942F76287F24B4002FE1C9 /* russia@3x.png */; };
		F9942F83287F24B4002FE1C9 /* poland@3x.png in Resources */ = {isa = PBXBuildFile; fileRef = F9942F77287F24B4002FE1C9 /* poland@3x.png */; };
		F9942F84287F24B4002FE1C9 /* uk@3x.png in Resources */ = {isa = PBXBuildFile; fileRef = F9942F78287F24B4002FE1C9 /* uk@3x.png */; };
		F9942F85287F24B4002FE1C9 /* us@3x.png in Resources */ = {isa = PBXBuildFile; fileRef = F9942F79287F24B4002FE1C9 /* us@3x.png */; };
		F9942F86287F24B4002FE1C9 /* france@3x.png in Resources */ = {isa = PBXBuildFile; fileRef = F9942F7A287F24B4002FE1C9 /* france@3x.png */; };
		F9942F87287F24B4002FE1C9 /* monaco@3x.png in Resources */ = {isa = PBXBuildFile; fileRef = F9942F7B287F24B4002FE1C9 /* monaco@3x.png */; };
/* End PBXBuildFile section */

/* Begin PBXFileReference section */
		F9942F58287F17FE002FE1C9 /* Challenge_1 For P_1,2,3.app */ = {isa = PBXFileReference; explicitFileType = wrapper.application; includeInIndex = 0; path = "Challenge_1 For P_1,2,3.app"; sourceTree = BUILT_PRODUCTS_DIR; };
		F9942F5B287F17FE002FE1C9 /* AppDelegate.swift */ = {isa = PBXFileReference; lastKnownFileType = sourcecode.swift; path = AppDelegate.swift; sourceTree = "<group>"; };
		F9942F5D287F17FE002FE1C9 /* SceneDelegate.swift */ = {isa = PBXFileReference; lastKnownFileType = sourcecode.swift; path = SceneDelegate.swift; sourceTree = "<group>"; };
		F9942F5F287F17FE002FE1C9 /* ViewController.swift */ = {isa = PBXFileReference; lastKnownFileType = sourcecode.swift; path = ViewController.swift; sourceTree = "<group>"; };
		F9942F62287F17FE002FE1C9 /* Base */ = {isa = PBXFileReference; lastKnownFileType = file.storyboard; name = Base; path = Base.lproj/Main.storyboard; sourceTree = "<group>"; };
		F9942F64287F1802002FE1C9 /* Assets.xcassets */ = {isa = PBXFileReference; lastKnownFileType = folder.assetcatalog; path = Assets.xcassets; sourceTree = "<group>"; };
		F9942F67287F1802002FE1C9 /* Base */ = {isa = PBXFileReference; lastKnownFileType = file.storyboard; name = Base; path = Base.lproj/LaunchScreen.storyboard; sourceTree = "<group>"; };
		F9942F69287F1802002FE1C9 /* Info.plist */ = {isa = PBXFileReference; lastKnownFileType = text.plist.xml; path = Info.plist; sourceTree = "<group>"; };
		F9942F70287F24B4002FE1C9 /* nigeria@3x.png */ = {isa = PBXFileReference; lastKnownFileType = image.png; path = "nigeria@3x.png"; sourceTree = "<group>"; };
		F9942F71287F24B4002FE1C9 /* spain@3x.png */ = {isa = PBXFileReference; lastKnownFileType = image.png; path = "spain@3x.png"; sourceTree = "<group>"; };
		F9942F72287F24B4002FE1C9 /* italy@3x.png */ = {isa = PBXFileReference; lastKnownFileType = image.png; path = "italy@3x.png"; sourceTree = "<group>"; };
		F9942F73287F24B4002FE1C9 /* germany@3x.png */ = {isa = PBXFileReference; lastKnownFileType = image.png; path = "germany@3x.png"; sourceTree = "<group>"; };
		F9942F74287F24B4002FE1C9 /* ireland@3x.png */ = {isa = PBXFileReference; lastKnownFileType = image.png; path = "ireland@3x.png"; sourceTree = "<group>"; };
		F9942F75287F24B4002FE1C9 /* estonia@3x.png */ = {isa = PBXFileReference; lastKnownFileType = image.png; path = "estonia@3x.png"; sourceTree = "<group>"; };
		F9942F76287F24B4002FE1C9 /* russia@3x.png */ = {isa = PBXFileReference; lastKnownFileType = image.png; path = "russia@3x.png"; sourceTree = "<group>"; };
		F9942F77287F24B4002FE1C9 /* poland@3x.png */ = {isa = PBXFileReference; lastKnownFileType = image.png; path = "poland@3x.png"; sourceTree = "<group>"; };
		F9942F78287F24B4002FE1C9 /* uk@3x.png */ = {isa = PBXFileReference; lastKnownFileType = image.png; path = "uk@3x.png"; sourceTree = "<group>"; };
		F9942F79287F24B4002FE1C9 /* us@3x.png */ = {isa = PBXFileReference; lastKnownFileType = image.png; path = "us@3x.png"; sourceTree = "<group>"; };
		F9942F7A287F24B4002FE1C9 /* france@3x.png */ = {isa = PBXFileReference; lastKnownFileType = image.png; path = "france@3x.png"; sourceTree = "<group>"; };
		F9942F7B287F24B4002FE1C9 /* monaco@3x.png */ = {isa = PBXFileReference; lastKnownFileType = image.png; path = "monaco@3x.png"; sourceTree = "<group>"; };
/* End PBXFileReference section */

/* Begin PBXFrameworksBuildPhase section */
		F9942F55287F17FE002FE1C9 /* Frameworks */ = {
			isa = PBXFrameworksBuildPhase;
			buildActionMask = 2147483647;
			files = (
			);
			runOnlyForDeploymentPostprocessing = 0;
		};
/* End PBXFrameworksBuildPhase section */

/* Begin PBXGroup section */
		F9942F4F287F17FE002FE1C9 = {
			isa = PBXGroup;
			children = (
				F9942F5A287F17FE002FE1C9 /* Challenge_1 For P_1,2,3 */,
				F9942F59287F17FE002FE1C9 /* Products */,
			);
			sourceTree = "<group>";
		};
		F9942F59287F17FE002FE1C9 /* Products */ = {
			isa = PBXGroup;
			children = (
				F9942F58287F17FE002FE1C9 /* Challenge_1 For P_1,2,3.app */,
			);
			name = Products;
			sourceTree = "<group>";
		};
		F9942F5A287F17FE002FE1C9 /* Challenge_1 For P_1,2,3 */ = {
			isa = PBXGroup;
			children = (
				F9942F5B287F17FE002FE1C9 /* AppDelegate.swift */,
				F9942F5D287F17FE002FE1C9 /* SceneDelegate.swift */,
				F9942F5F287F17FE002FE1C9 /* ViewController.swift */,
				F9942F61287F17FE002FE1C9 /* Main.storyboard */,
				F9942F64287F1802002FE1C9 /* Assets.xcassets */,
				F9942F66287F1802002FE1C9 /* LaunchScreen.storyboard */,
				F9942F69287F1802002FE1C9 /* Info.plist */,
				F9942F6F287F24B4002FE1C9 /* Flags */,
			);
			path = "Challenge_1 For P_1,2,3";
			sourceTree = "<group>";
		};
		F9942F6F287F24B4002FE1C9 /* Flags */ = {
			isa = PBXGroup;
			children = (
				F9942F70287F24B4002FE1C9 /* nigeria@3x.png */,
				F9942F71287F24B4002FE1C9 /* spain@3x.png */,
				F9942F72287F24B4002FE1C9 /* italy@3x.png */,
				F9942F73287F24B4002FE1C9 /* germany@3x.png */,
				F9942F74287F24B4002FE1C9 /* ireland@3x.png */,
				F9942F75287F24B4002FE1C9 /* estonia@3x.png */,
				F9942F76287F24B4002FE1C9 /* russia@3x.png */,
				F9942F77287F24B4002FE1C9 /* poland@3x.png */,
				F9942F78287F24B4002FE1C9 /* uk@3x.png */,
				F9942F79287F24B4002FE1C9 /* us@3x.png */,
				F9942F7A287F24B4002FE1C9 /* france@3x.png */,
				F9942F7B287F24B4002FE1C9 /* monaco@3x.png */,
			);
			path = Flags;
			sourceTree = "<group>";
		};
/* End PBXGroup section */

/* Begin PBXNativeTarget section */
		F9942F57287F17FE002FE1C9 /* Challenge_1 For P_1,2,3 */ = {
			isa = PBXNativeTarget;
			buildConfigurationList = F9942F6C287F1802002FE1C9 /* Build configuration list for PBXNativeTarget "Challenge_1 For P_1,2,3" */;
			buildPhases = (
				F9942F54287F17FE002FE1C9 /* Sources */,
				F9942F55287F17FE002FE1C9 /* Frameworks */,
				F9942F56287F17FE002FE1C9 /* Resources */,
			);
			buildRules = (
			);
			dependencies = (
			);
			name = "Challenge_1 For P_1,2,3";
			productName = "Challenge_1 For P_1,2,3";
			productReference = F9942F58287F17FE002FE1C9 /* Challenge_1 For P_1,2,3.app */;
			productType = "com.apple.product-type.application";
		};
/* End PBXNativeTarget section */

/* Begin PBXProject section */
		F9942F50287F17FE002FE1C9 /* Project object */ = {
			isa = PBXProject;
			attributes = {
				BuildIndependentTargetsInParallel = 1;
				LastSwiftUpdateCheck = 1340;
				LastUpgradeCheck = 1340;
				TargetAttributes = {
					F9942F57287F17FE002FE1C9 = {
						CreatedOnToolsVersion = 13.4.1;
					};
				};
			};
			buildConfigurationList = F9942F53287F17FE002FE1C9 /* Build configuration list for PBXProject "Challenge_1 For P_1,2,3" */;
			compatibilityVersion = "Xcode 13.0";
			developmentRegion = en;
			hasScannedForEncodings = 0;
			knownRegions = (
				en,
				Base,
			);
			mainGroup = F9942F4F287F17FE002FE1C9;
			productRefGroup = F9942F59287F17FE002FE1C9 /* Products */;
			projectDirPath = "";
			projectRoot = "";
			targets = (
				F9942F57287F17FE002FE1C9 /* Challenge_1 For P_1,2,3 */,
			);
		};
/* End PBXProject section */

/* Begin PBXResourcesBuildPhase section */
		F9942F56287F17FE002FE1C9 /* Resources */ = {
			isa = PBXResourcesBuildPhase;
			buildActionMask = 2147483647;
			files = (
				F9942F68287F1802002FE1C9 /* LaunchScreen.storyboard in Resources */,
				F9942F65287F1802002FE1C9 /* Assets.xcassets in Resources */,
				F9942F81287F24B4002FE1C9 /* estonia@3x.png in Resources */,
				F9942F87287F24B4002FE1C9 /* monaco@3x.png in Resources */,
				F9942F84287F24B4002FE1C9 /* uk@3x.png in Resources */,
				F9942F63287F17FE002FE1C9 /* Main.storyboard in Resources */,
				F9942F80287F24B4002FE1C9 /* ireland@3x.png in Resources */,
				F9942F85287F24B4002FE1C9 /* us@3x.png in Resources */,
				F9942F7E287F24B4002FE1C9 /* italy@3x.png in Resources */,
				F9942F7F287F24B4002FE1C9 /* germany@3x.png in Resources */,
				F9942F83287F24B4002FE1C9 /* poland@3x.png in Resources */,
				F9942F7D287F24B4002FE1C9 /* spain@3x.png in Resources */,
				F9942F82287F24B4002FE1C9 /* russia@3x.png in Resources */,
				F9942F86287F24B4002FE1C9 /* france@3x.png in Resources */,
				F9942F7C287F24B4002FE1C9 /* nigeria@3x.png in Resources */,
			);
			runOnlyForDeploymentPostprocessing = 0;
		};
/* End PBXResourcesBuildPhase section */

/* Begin PBXSourcesBuildPhase section */
		F9942F54287F17FE002FE1C9 /* Sources */ = {
			isa = PBXSourcesBuildPhase;
			buildActionMask = 2147483647;
			files = (
				F9942F60287F17FE002FE1C9 /* ViewController.swift in Sources */,
				F9942F5C287F17FE002FE1C9 /* AppDelegate.swift in Sources */,
				F9942F5E287F17FE002FE1C9 /* SceneDelegate.swift in Sources */,
			);
			runOnlyForDeploymentPostprocessing = 0;
		};
/* End PBXSourcesBuildPhase section */

/* Begin PBXVariantGroup section */
		F9942F61287F17FE002FE1C9 /* Main.storyboard */ = {
			isa = PBXVariantGroup;
			children = (
				F9942F62287F17FE002FE1C9 /* Base */,
			);
			name = Main.storyboard;
			sourceTree = "<group>";
		};
		F9942F66287F1802002FE1C9 /* LaunchScreen.storyboard */ = {
			isa = PBXVariantGroup;
			children = (
				F9942F67287F1802002FE1C9 /* Base */,
			);
			name = LaunchScreen.storyboard;
			sourceTree = "<group>";
		};
/* End PBXVariantGroup section */

/* Begin XCBuildConfiguration section */
		F9942F6A287F1802002FE1C9 /* Debug */ = {
			isa = XCBuildConfiguration;
			buildSettings = {
				ALWAYS_SEARCH_USER_PATHS = NO;
				CLANG_ANALYZER_NONNULL = YES;
				CLANG_ANALYZER_NUMBER_OBJECT_CONVERSION = YES_AGGRESSIVE;
				CLANG_CXX_LANGUAGE_STANDARD = "gnu++17";
				CLANG_ENABLE_MODULES = YES;
				CLANG_ENABLE_OBJC_ARC = YES;
				CLANG_ENABLE_OBJC_WEAK = YES;
				CLANG_WARN_BLOCK_CAPTURE_AUTORELEASING = YES;
				CLANG_WARN_BOOL_CONVERSION = YES;
				CLANG_WARN_COMMA = YES;
				CLANG_WARN_CONSTANT_CONVERSION = YES;
				CLANG_WARN_DEPRECATED_OBJC_IMPLEMENTATIONS = YES;
				CLANG_WARN_DIRECT_OBJC_ISA_USAGE = YES_ERROR;
				CLANG_WARN_DOCUMENTATION_COMMENTS = YES;
				CLANG_WARN_EMPTY_BODY = YES;
				CLANG_WARN_ENUM_CONVERSION = YES;
				CLANG_WARN_INFINITE_RECURSION = YES;
				CLANG_WARN_INT_CONVERSION = YES;
				CLANG_WARN_NON_LITERAL_NULL_CONVERSION = YES;
				CLANG_WARN_OBJC_IMPLICIT_RETAIN_SELF = YES;
				CLANG_WARN_OBJC_LITERAL_CONVERSION = YES;
				CLANG_WARN_OBJC_ROOT_CLASS = YES_ERROR;
				CLANG_WARN_QUOTED_INCLUDE_IN_FRAMEWORK_HEADER = YES;
				CLANG_WARN_RANGE_LOOP_ANALYSIS = YES;
				CLANG_WARN_STRICT_PROTOTYPES = YES;
				CLANG_WARN_SUSPICIOUS_MOVE = YES;
				CLANG_WARN_UNGUARDED_AVAILABILITY = YES_AGGRESSIVE;
				CLANG_WARN_UNREACHABLE_CODE = YES;
				CLANG_WARN__DUPLICATE_METHOD_MATCH = YES;
				COPY_PHASE_STRIP = NO;
				DEBUG_INFORMATION_FORMAT = dwarf;
				ENABLE_STRICT_OBJC_MSGSEND = YES;
				ENABLE_TESTABILITY = YES;
				GCC_C_LANGUAGE_STANDARD = gnu11;
				GCC_DYNAMIC_NO_PIC = NO;
				GCC_NO_COMMON_BLOCKS = YES;
				GCC_OPTIMIZATION_LEVEL = 0;
				GCC_PREPROCESSOR_DEFINITIONS = (
					"DEBUG=1",
					"$(inherited)",
				);
				GCC_WARN_64_TO_32_BIT_CONVERSION = YES;
				GCC_WARN_ABOUT_RETURN_TYPE = YES_ERROR;
				GCC_WARN_UNDECLARED_SELECTOR = YES;
				GCC_WARN_UNINITIALIZED_AUTOS = YES_AGGRESSIVE;
				GCC_WARN_UNUSED_FUNCTION = YES;
				GCC_WARN_UNUSED_VARIABLE = YES;
				IPHONEOS_DEPLOYMENT_TARGET = 15.5;
				MTL_ENABLE_DEBUG_INFO = INCLUDE_SOURCE;
				MTL_FAST_MATH = YES;
				ONLY_ACTIVE_ARCH = YES;
				SDKROOT = iphoneos;
				SWIFT_ACTIVE_COMPILATION_CONDITIONS = DEBUG;
				SWIFT_OPTIMIZATION_LEVEL = "-Onone";
			};
			name = Debug;
		};
		F9942F6B287F1802002FE1C9 /* Release */ = {
			isa = XCBuildConfiguration;
			buildSettings = {
				ALWAYS_SEARCH_USER_PATHS = NO;
				CLANG_ANALYZER_NONNULL = YES;
				CLANG_ANALYZER_NUMBER_OBJECT_CONVERSION = YES_AGGRESSIVE;
				CLANG_CXX_LANGUAGE_STANDARD = "gnu++17";
				CLANG_ENABLE_MODULES = YES;
				CLANG_ENABLE_OBJC_ARC = YES;
				CLANG_ENABLE_OBJC_WEAK = YES;
				CLANG_WARN_BLOCK_CAPTURE_AUTORELEASING = YES;
				CLANG_WARN_BOOL_CONVERSION = YES;
				CLANG_WARN_COMMA = YES;
				CLANG_WARN_CONSTANT_CONVERSION = YES;
				CLANG_WARN_DEPRECATED_OBJC_IMPLEMENTATIONS = YES;
				CLANG_WARN_DIRECT_OBJC_ISA_USAGE = YES_ERROR;
				CLANG_WARN_DOCUMENTATION_COMMENTS = YES;
				CLANG_WARN_EMPTY_BODY = YES;
				CLANG_WARN_ENUM_CONVERSION = YES;
				CLANG_WARN_INFINITE_RECURSION = YES;
				CLANG_WARN_INT_CONVERSION = YES;
				CLANG_WARN_NON_LITERAL_NULL_CONVERSION = YES;
				CLANG_WARN_OBJC_IMPLICIT_RETAIN_SELF = YES;
				CLANG_WARN_OBJC_LITERAL_CONVERSION = YES;
				CLANG_WARN_OBJC_ROOT_CLASS = YES_ERROR;
				CLANG_WARN_QUOTED_INCLUDE_IN_FRAMEWORK_HEADER = YES;
				CLANG_WARN_RANGE_LOOP_ANALYSIS = YES;
				CLANG_WARN_STRICT_PROTOTYPES = YES;
				CLANG_WARN_SUSPICIOUS_MOVE = YES;
				CLANG_WARN_UNGUARDED_AVAILABILITY = YES_AGGRESSIVE;
				CLANG_WARN_UNREACHABLE_CODE = YES;
				CLANG_WARN__DUPLICATE_METHOD_MATCH = YES;
				COPY_PHASE_STRIP = NO;
				DEBUG_INFORMATION_FORMAT = "dwarf-with-dsym";
				ENABLE_NS_ASSERTIONS = NO;
				ENABLE_STRICT_OBJC_MSGSEND = YES;
				GCC_C_LANGUAGE_STANDARD = gnu11;
				GCC_NO_COMMON_BLOCKS = YES;
				GCC_WARN_64_TO_32_BIT_CONVERSION = YES;
				GCC_WARN_ABOUT_RETURN_TYPE = YES_ERROR;
				GCC_WARN_UNDECLARED_SELECTOR = YES;
				GCC_WARN_UNINITIALIZED_AUTOS = YES_AGGRESSIVE;
				GCC_WARN_UNUSED_FUNCTION = YES;
				GCC_WARN_UNUSED_VARIABLE = YES;
				IPHONEOS_DEPLOYMENT_TARGET = 15.5;
				MTL_ENABLE_DEBUG_INFO = NO;
				MTL_FAST_MATH = YES;
				SDKROOT = iphoneos;
				SWIFT_COMPILATION_MODE = wholemodule;
				SWIFT_OPTIMIZATION_LEVEL = "-O";
				VALIDATE_PRODUCT = YES;
			};
			name = Release;
		};
		F9942F6D287F1802002FE1C9 /* Debug */ = {
			isa = XCBuildConfiguration;
			buildSettings = {
				ASSETCATALOG_COMPILER_APPICON_NAME = AppIcon;
				ASSETCATALOG_COMPILER_GLOBAL_ACCENT_COLOR_NAME = AccentColor;
				CODE_SIGN_STYLE = Automatic;
				CURRENT_PROJECT_VERSION = 1;
				GENERATE_INFOPLIST_FILE = YES;
				INFOPLIST_FILE = "Challenge_1 For P_1,2,3/Info.plist";
				INFOPLIST_KEY_UIApplicationSupportsIndirectInputEvents = YES;
				INFOPLIST_KEY_UILaunchStoryboardName = LaunchScreen;
				INFOPLIST_KEY_UIMainStoryboardFile = Main;
				INFOPLIST_KEY_UISupportedInterfaceOrientations_iPad = "UIInterfaceOrientationPortrait UIInterfaceOrientationPortraitUpsideDown UIInterfaceOrientationLandscapeLeft UIInterfaceOrientationLandscapeRight";
				INFOPLIST_KEY_UISupportedInterfaceOrientations_iPhone = "UIInterfaceOrientationPortrait UIInterfaceOrientationLandscapeLeft UIInterfaceOrientationLandscapeRight";
				LD_RUNPATH_SEARCH_PATHS = (
					"$(inherited)",
					"@executable_path/Frameworks",
				);
				MARKETING_VERSION = 1.0;
				PRODUCT_BUNDLE_IDENTIFIER = "com.abdulvokhid.Challenge-1-For-P-1-2-3";
				PRODUCT_NAME = "$(TARGET_NAME)";
				SWIFT_EMIT_LOC_STRINGS = YES;
				SWIFT_VERSION = 5.0;
				TARGETED_DEVICE_FAMILY = "1,2";
			};
			name = Debug;
		};
		F9942F6E287F1802002FE1C9 /* Release */ = {
			isa = XCBuildConfiguration;
			buildSettings = {
				ASSETCATALOG_COMPILER_APPICON_NAME = AppIcon;
				ASSETCATALOG_COMPILER_GLOBAL_ACCENT_COLOR_NAME = AccentColor;
				CODE_SIGN_STYLE = Automatic;
				CURRENT_PROJECT_VERSION = 1;
				GENERATE_INFOPLIST_FILE = YES;
				INFOPLIST_FILE = "Challenge_1 For P_1,2,3/Info.plist";
				INFOPLIST_KEY_UIApplicationSupportsIndirectInputEvents = YES;
				INFOPLIST_KEY_UILaunchStoryboardName = LaunchScreen;
				INFOPLIST_KEY_UIMainStoryboardFile = Main;
				INFOPLIST_KEY_UISupportedInterfaceOrientations_iPad = "UIInterfaceOrientationPortrait UIInterfaceOrientationPortraitUpsideDown UIInterfaceOrientationLandscapeLeft UIInterfaceOrientationLandscapeRight";
				INFOPLIST_KEY_UISupportedInterfaceOrientations_iPhone = "UIInterfaceOrientationPortrait UIInterfaceOrientationLandscapeLeft UIInterfaceOrientationLandscapeRight";
				LD_RUNPATH_SEARCH_PATHS = (
					"$(inherited)",
					"@executable_path/Frameworks",
				);
				MARKETING_VERSION = 1.0;
				PRODUCT_BUNDLE_IDENTIFIER = "com.abdulvokhid.Challenge-1-For-P-1-2-3";
				PRODUCT_NAME = "$(TARGET_NAME)";
				SWIFT_EMIT_LOC_STRINGS = YES;
				SWIFT_VERSION = 5.0;
				TARGETED_DEVICE_FAMILY = "1,2";
			};
			name = Release;
		};
/* End XCBuildConfiguration section */

/* Begin XCConfigurationList section */
		F9942F53287F17FE002FE1C9 /* Build configuration list for PBXProject "Challenge_1 For P_1,2,3" */ = {
			isa = XCConfigurationList;
			buildConfigurations = (
				F9942F6A287F1802002FE1C9 /* Debug */,
				F9942F6B287F1802002FE1C9 /* Release */,
			);
			defaultConfigurationIsVisible = 0;
			defaultConfigurationName = Release;
		};
		F9942F6C287F1802002FE1C9 /* Build configuration list for PBXNativeTarget "Challenge_1 For P_1,2,3" */ = {
			isa = XCConfigurationList;
			buildConfigurations = (
				F9942F6D287F1802002FE1C9 /* Debug */,
				F9942F6E287F1802002FE1C9 /* Release */,
			);
			defaultConfigurationIsVisible = 0;
			defaultConfigurationName = Release;
		};
/* End XCConfigurationList section */
	};
	rootObject = F9942F50287F17FE002FE1C9 /* Project object */;
}
