// !$*UTF8*$!
{
	archiveVersion = 1;
	classes = {
	};
	objectVersion = 55;
	objects = {

/* Begin PBXBuildFile section */
		F93B1FE7286F757C0011EDAE /* AppDelegate.swift in Sources */ = {isa = PBXBuildFile; fileRef = F93B1FE6286F757C0011EDAE /* AppDelegate.swift */; };
		F93B1FE9286F757C0011EDAE /* SceneDelegate.swift in Sources */ = {isa = PBXBuildFile; fileRef = F93B1FE8286F757C0011EDAE /* SceneDelegate.swift */; };
		F93B1FEB286F757C0011EDAE /* ViewController.swift in Sources */ = {isa = PBXBuildFile; fileRef = F93B1FEA286F757C0011EDAE /* ViewController.swift */; };
		F93B1FEE286F757C0011EDAE /* Main.storyboard in Resources */ = {isa = PBXBuildFile; fileRef = F93B1FEC286F757C0011EDAE /* Main.storyboard */; };
		F93B1FF0286F75810011EDAE /* Assets.xcassets in Resources */ = {isa = PBXBuildFile; fileRef = F93B1FEF286F75810011EDAE /* Assets.xcassets */; };
		F93B1FF3286F75810011EDAE /* LaunchScreen.storyboard in Resources */ = {isa = PBXBuildFile; fileRef = F93B1FF1286F75810011EDAE /* LaunchScreen.storyboard */; };
		F93B2005286F78F20011EDAE /* nssl0049.jpg in Resources */ = {isa = PBXBuildFile; fileRef = F93B1FFB286F78F20011EDAE /* nssl0049.jpg */; };
		F93B2006286F78F20011EDAE /* nssl0046.jpg in Resources */ = {isa = PBXBuildFile; fileRef = F93B1FFC286F78F20011EDAE /* nssl0046.jpg */; };
		F93B2007286F78F20011EDAE /* nssl0091.jpg in Resources */ = {isa = PBXBuildFile; fileRef = F93B1FFD286F78F20011EDAE /* nssl0091.jpg */; };
		F93B2008286F78F20011EDAE /* nssl0045.jpg in Resources */ = {isa = PBXBuildFile; fileRef = F93B1FFE286F78F20011EDAE /* nssl0045.jpg */; };
		F93B2009286F78F20011EDAE /* nssl0051.jpg in Resources */ = {isa = PBXBuildFile; fileRef = F93B1FFF286F78F20011EDAE /* nssl0051.jpg */; };
		F93B200A286F78F20011EDAE /* nssl0041.jpg in Resources */ = {isa = PBXBuildFile; fileRef = F93B2000286F78F20011EDAE /* nssl0041.jpg */; };
		F93B200B286F78F20011EDAE /* nssl0042.jpg in Resources */ = {isa = PBXBuildFile; fileRef = F93B2001286F78F20011EDAE /* nssl0042.jpg */; };
		F93B200C286F78F20011EDAE /* nssl0043.jpg in Resources */ = {isa = PBXBuildFile; fileRef = F93B2002286F78F20011EDAE /* nssl0043.jpg */; };
		F93B200D286F78F20011EDAE /* nssl0033.jpg in Resources */ = {isa = PBXBuildFile; fileRef = F93B2003286F78F20011EDAE /* nssl0033.jpg */; };
		F93B200E286F78F20011EDAE /* nssl0034.jpg in Resources */ = {isa = PBXBuildFile; fileRef = F93B2004286F78F20011EDAE /* nssl0034.jpg */; };
/* End PBXBuildFile section */

/* Begin PBXFileReference section */
		F93B1FE3286F757C0011EDAE /* Project1.app */ = {isa = PBXFileReference; explicitFileType = wrapper.application; includeInIndex = 0; path = Project1.app; sourceTree = BUILT_PRODUCTS_DIR; };
		F93B1FE6286F757C0011EDAE /* AppDelegate.swift */ = {isa = PBXFileReference; lastKnownFileType = sourcecode.swift; path = AppDelegate.swift; sourceTree = "<group>"; };
		F93B1FE8286F757C0011EDAE /* SceneDelegate.swift */ = {isa = PBXFileReference; lastKnownFileType = sourcecode.swift; path = SceneDelegate.swift; sourceTree = "<group>"; };
		F93B1FEA286F757C0011EDAE /* ViewController.swift */ = {isa = PBXFileReference; lastKnownFileType = sourcecode.swift; path = ViewController.swift; sourceTree = "<group>"; };
		F93B1FED286F757C0011EDAE /* Base */ = {isa = PBXFileReference; lastKnownFileType = file.storyboard; name = Base; path = Base.lproj/Main.storyboard; sourceTree = "<group>"; };
		F93B1FEF286F75810011EDAE /* Assets.xcassets */ = {isa = PBXFileReference; lastKnownFileType = folder.assetcatalog; path = Assets.xcassets; sourceTree = "<group>"; };
		F93B1FF2286F75810011EDAE /* Base */ = {isa = PBXFileReference; lastKnownFileType = file.storyboard; name = Base; path = Base.lproj/LaunchScreen.storyboard; sourceTree = "<group>"; };
		F93B1FF4286F75810011EDAE /* Info.plist */ = {isa = PBXFileReference; lastKnownFileType = text.plist.xml; path = Info.plist; sourceTree = "<group>"; };
		F93B1FFB286F78F20011EDAE /* nssl0049.jpg */ = {isa = PBXFileReference; lastKnownFileType = image.jpeg; path = nssl0049.jpg; sourceTree = "<group>"; };
		F93B1FFC286F78F20011EDAE /* nssl0046.jpg */ = {isa = PBXFileReference; lastKnownFileType = image.jpeg; path = nssl0046.jpg; sourceTree = "<group>"; };
		F93B1FFD286F78F20011EDAE /* nssl0091.jpg */ = {isa = PBXFileReference; lastKnownFileType = image.jpeg; path = nssl0091.jpg; sourceTree = "<group>"; };
		F93B1FFE286F78F20011EDAE /* nssl0045.jpg */ = {isa = PBXFileReference; lastKnownFileType = image.jpeg; path = nssl0045.jpg; sourceTree = "<group>"; };
		F93B1FFF286F78F20011EDAE /* nssl0051.jpg */ = {isa = PBXFileReference; lastKnownFileType = image.jpeg; path = nssl0051.jpg; sourceTree = "<group>"; };
		F93B2000286F78F20011EDAE /* nssl0041.jpg */ = {isa = PBXFileReference; lastKnownFileType = image.jpeg; path = nssl0041.jpg; sourceTree = "<group>"; };
		F93B2001286F78F20011EDAE /* nssl0042.jpg */ = {isa = PBXFileReference; lastKnownFileType = image.jpeg; path = nssl0042.jpg; sourceTree = "<group>"; };
		F93B2002286F78F20011EDAE /* nssl0043.jpg */ = {isa = PBXFileReference; lastKnownFileType = image.jpeg; path = nssl0043.jpg; sourceTree = "<group>"; };
		F93B2003286F78F20011EDAE /* nssl0033.jpg */ = {isa = PBXFileReference; lastKnownFileType = image.jpeg; path = nssl0033.jpg; sourceTree = "<group>"; };
		F93B2004286F78F20011EDAE /* nssl0034.jpg */ = {isa = PBXFileReference; lastKnownFileType = image.jpeg; path = nssl0034.jpg; sourceTree = "<group>"; };
/* End PBXFileReference section */

/* Begin PBXFrameworksBuildPhase section */
		F93B1FE0286F757C0011EDAE /* Frameworks */ = {
			isa = PBXFrameworksBuildPhase;
			buildActionMask = 2147483647;
			files = (
			);
			runOnlyForDeploymentPostprocessing = 0;
		};
/* End PBXFrameworksBuildPhase section */

/* Begin PBXGroup section */
		F93B1FDA286F757C0011EDAE = {
			isa = PBXGroup;
			children = (
				F93B1FE5286F757C0011EDAE /* Project1 */,
				F93B1FE4286F757C0011EDAE /* Products */,
			);
			sourceTree = "<group>";
		};
		F93B1FE4286F757C0011EDAE /* Products */ = {
			isa = PBXGroup;
			children = (
				F93B1FE3286F757C0011EDAE /* Project1.app */,
			);
			name = Products;
			sourceTree = "<group>";
		};
		F93B1FE5286F757C0011EDAE /* Project1 */ = {
			isa = PBXGroup;
			children = (
				F93B1FE6286F757C0011EDAE /* AppDelegate.swift */,
				F93B1FE8286F757C0011EDAE /* SceneDelegate.swift */,
				F93B1FEA286F757C0011EDAE /* ViewController.swift */,
				F93B1FEC286F757C0011EDAE /* Main.storyboard */,
				F93B1FEF286F75810011EDAE /* Assets.xcassets */,
				F93B1FF1286F75810011EDAE /* LaunchScreen.storyboard */,
				F93B1FF4286F75810011EDAE /* Info.plist */,
				F93B1FFA286F78F20011EDAE /* Content */,
			);
			path = Project1;
			sourceTree = "<group>";
		};
		F93B1FFA286F78F20011EDAE /* Content */ = {
			isa = PBXGroup;
			children = (
				F93B1FFB286F78F20011EDAE /* nssl0049.jpg */,
				F93B1FFC286F78F20011EDAE /* nssl0046.jpg */,
				F93B1FFD286F78F20011EDAE /* nssl0091.jpg */,
				F93B1FFE286F78F20011EDAE /* nssl0045.jpg */,
				F93B1FFF286F78F20011EDAE /* nssl0051.jpg */,
				F93B2000286F78F20011EDAE /* nssl0041.jpg */,
				F93B2001286F78F20011EDAE /* nssl0042.jpg */,
				F93B2002286F78F20011EDAE /* nssl0043.jpg */,
				F93B2003286F78F20011EDAE /* nssl0033.jpg */,
				F93B2004286F78F20011EDAE /* nssl0034.jpg */,
			);
			path = Content;
			sourceTree = "<group>";
		};
/* End PBXGroup section */

/* Begin PBXNativeTarget section */
		F93B1FE2286F757C0011EDAE /* Project1 */ = {
			isa = PBXNativeTarget;
			buildConfigurationList = F93B1FF7286F75810011EDAE /* Build configuration list for PBXNativeTarget "Project1" */;
			buildPhases = (
				F93B1FDF286F757C0011EDAE /* Sources */,
				F93B1FE0286F757C0011EDAE /* Frameworks */,
				F93B1FE1286F757C0011EDAE /* Resources */,
			);
			buildRules = (
			);
			dependencies = (
			);
			name = Project1;
			productName = Project1;
			productReference = F93B1FE3286F757C0011EDAE /* Project1.app */;
			productType = "com.apple.product-type.application";
		};
/* End PBXNativeTarget section */

/* Begin PBXProject section */
		F93B1FDB286F757C0011EDAE /* Project object */ = {
			isa = PBXProject;
			attributes = {
				BuildIndependentTargetsInParallel = 1;
				LastSwiftUpdateCheck = 1340;
				LastUpgradeCheck = 1340;
				TargetAttributes = {
					F93B1FE2286F757C0011EDAE = {
						CreatedOnToolsVersion = 13.4.1;
					};
				};
			};
			buildConfigurationList = F93B1FDE286F757C0011EDAE /* Build configuration list for PBXProject "Project1" */;
			compatibilityVersion = "Xcode 13.0";
			developmentRegion = en;
			hasScannedForEncodings = 0;
			knownRegions = (
				en,
				Base,
			);
			mainGroup = F93B1FDA286F757C0011EDAE;
			productRefGroup = F93B1FE4286F757C0011EDAE /* Products */;
			projectDirPath = "";
			projectRoot = "";
			targets = (
				F93B1FE2286F757C0011EDAE /* Project1 */,
			);
		};
/* End PBXProject section */

/* Begin PBXResourcesBuildPhase section */
		F93B1FE1286F757C0011EDAE /* Resources */ = {
			isa = PBXResourcesBuildPhase;
			buildActionMask = 2147483647;
			files = (
				F93B2006286F78F20011EDAE /* nssl0046.jpg in Resources */,
				F93B200D286F78F20011EDAE /* nssl0033.jpg in Resources */,
				F93B2009286F78F20011EDAE /* nssl0051.jpg in Resources */,
				F93B2007286F78F20011EDAE /* nssl0091.jpg in Resources */,
				F93B200C286F78F20011EDAE /* nssl0043.jpg in Resources */,
				F93B200E286F78F20011EDAE /* nssl0034.jpg in Resources */,
				F93B2005286F78F20011EDAE /* nssl0049.jpg in Resources */,
				F93B200A286F78F20011EDAE /* nssl0041.jpg in Resources */,
				F93B200B286F78F20011EDAE /* nssl0042.jpg in Resources */,
				F93B1FF3286F75810011EDAE /* LaunchScreen.storyboard in Resources */,
				F93B1FF0286F75810011EDAE /* Assets.xcassets in Resources */,
				F93B2008286F78F20011EDAE /* nssl0045.jpg in Resources */,
				F93B1FEE286F757C0011EDAE /* Main.storyboard in Resources */,
			);
			runOnlyForDeploymentPostprocessing = 0;
		};
/* End PBXResourcesBuildPhase section */

/* Begin PBXSourcesBuildPhase section */
		F93B1FDF286F757C0011EDAE /* Sources */ = {
			isa = PBXSourcesBuildPhase;
			buildActionMask = 2147483647;
			files = (
				F93B1FEB286F757C0011EDAE /* ViewController.swift in Sources */,
				F93B1FE7286F757C0011EDAE /* AppDelegate.swift in Sources */,
				F93B1FE9286F757C0011EDAE /* SceneDelegate.swift in Sources */,
			);
			runOnlyForDeploymentPostprocessing = 0;
		};
/* End PBXSourcesBuildPhase section */

/* Begin PBXVariantGroup section */
		F93B1FEC286F757C0011EDAE /* Main.storyboard */ = {
			isa = PBXVariantGroup;
			children = (
				F93B1FED286F757C0011EDAE /* Base */,
			);
			name = Main.storyboard;
			sourceTree = "<group>";
		};
		F93B1FF1286F75810011EDAE /* LaunchScreen.storyboard */ = {
			isa = PBXVariantGroup;
			children = (
				F93B1FF2286F75810011EDAE /* Base */,
			);
			name = LaunchScreen.storyboard;
			sourceTree = "<group>";
		};
/* End PBXVariantGroup section */

/* Begin XCBuildConfiguration section */
		F93B1FF5286F75810011EDAE /* Debug */ = {
			isa = XCBuildConfiguration;
			buildSettings = {
				ALWAYS_SEARCH_USER_PATHS = NO;
				CLANG_ANALYZER_NONNULL = YES;
				CLANG_ANALYZER_NUMBER_OBJECT_CONVERSION = YES_AGGRESSIVE;
				CLANG_CXX_LANGUAGE_STANDARD = "gnu++17";
				CLANG_ENABLE_MODULES = YES;
				CLANG_ENABLE_OBJC_ARC = YES;
				CLANG_ENABLE_OBJC_WEAK = YES;
				CLANG_WARN_BLOCK_CAPTURE_AUTORELEASING = YES;
				CLANG_WARN_BOOL_CONVERSION = YES;
				CLANG_WARN_COMMA = YES;
				CLANG_WARN_CONSTANT_CONVERSION = YES;
				CLANG_WARN_DEPRECATED_OBJC_IMPLEMENTATIONS = YES;
				CLANG_WARN_DIRECT_OBJC_ISA_USAGE = YES_ERROR;
				CLANG_WARN_DOCUMENTATION_COMMENTS = YES;
				CLANG_WARN_EMPTY_BODY = YES;
				CLANG_WARN_ENUM_CONVERSION = YES;
				CLANG_WARN_INFINITE_RECURSION = YES;
				CLANG_WARN_INT_CONVERSION = YES;
				CLANG_WARN_NON_LITERAL_NULL_CONVERSION = YES;
				CLANG_WARN_OBJC_IMPLICIT_RETAIN_SELF = YES;
				CLANG_WARN_OBJC_LITERAL_CONVERSION = YES;
				CLANG_WARN_OBJC_ROOT_CLASS = YES_ERROR;
				CLANG_WARN_QUOTED_INCLUDE_IN_FRAMEWORK_HEADER = YES;
				CLANG_WARN_RANGE_LOOP_ANALYSIS = YES;
				CLANG_WARN_STRICT_PROTOTYPES = YES;
				CLANG_WARN_SUSPICIOUS_MOVE = YES;
				CLANG_WARN_UNGUARDED_AVAILABILITY = YES_AGGRESSIVE;
				CLANG_WARN_UNREACHABLE_CODE = YES;
				CLANG_WARN__DUPLICATE_METHOD_MATCH = YES;
				COPY_PHASE_STRIP = NO;
				DEBUG_INFORMATION_FORMAT = dwarf;
				ENABLE_STRICT_OBJC_MSGSEND = YES;
				ENABLE_TESTABILITY = YES;
				GCC_C_LANGUAGE_STANDARD = gnu11;
				GCC_DYNAMIC_NO_PIC = NO;
				GCC_NO_COMMON_BLOCKS = YES;
				GCC_OPTIMIZATION_LEVEL = 0;
				GCC_PREPROCESSOR_DEFINITIONS = (
					"DEBUG=1",
					"$(inherited)",
				);
				GCC_WARN_64_TO_32_BIT_CONVERSION = YES;
				GCC_WARN_ABOUT_RETURN_TYPE = YES_ERROR;
				GCC_WARN_UNDECLARED_SELECTOR = YES;
				GCC_WARN_UNINITIALIZED_AUTOS = YES_AGGRESSIVE;
				GCC_WARN_UNUSED_FUNCTION = YES;
				GCC_WARN_UNUSED_VARIABLE = YES;
				IPHONEOS_DEPLOYMENT_TARGET = 15.5;
				MTL_ENABLE_DEBUG_INFO = INCLUDE_SOURCE;
				MTL_FAST_MATH = YES;
				ONLY_ACTIVE_ARCH = YES;
				SDKROOT = iphoneos;
				SWIFT_ACTIVE_COMPILATION_CONDITIONS = DEBUG;
				SWIFT_OPTIMIZATION_LEVEL = "-Onone";
			};
			name = Debug;
		};
		F93B1FF6286F75810011EDAE /* Release */ = {
			isa = XCBuildConfiguration;
			buildSettings = {
				ALWAYS_SEARCH_USER_PATHS = NO;
				CLANG_ANALYZER_NONNULL = YES;
				CLANG_ANALYZER_NUMBER_OBJECT_CONVERSION = YES_AGGRESSIVE;
				CLANG_CXX_LANGUAGE_STANDARD = "gnu++17";
				CLANG_ENABLE_MODULES = YES;
				CLANG_ENABLE_OBJC_ARC = YES;
				CLANG_ENABLE_OBJC_WEAK = YES;
				CLANG_WARN_BLOCK_CAPTURE_AUTORELEASING = YES;
				CLANG_WARN_BOOL_CONVERSION = YES;
				CLANG_WARN_COMMA = YES;
				CLANG_WARN_CONSTANT_CONVERSION = YES;
				CLANG_WARN_DEPRECATED_OBJC_IMPLEMENTATIONS = YES;
				CLANG_WARN_DIRECT_OBJC_ISA_USAGE = YES_ERROR;
				CLANG_WARN_DOCUMENTATION_COMMENTS = YES;
				CLANG_WARN_EMPTY_BODY = YES;
				CLANG_WARN_ENUM_CONVERSION = YES;
				CLANG_WARN_INFINITE_RECURSION = YES;
				CLANG_WARN_INT_CONVERSION = YES;
				CLANG_WARN_NON_LITERAL_NULL_CONVERSION = YES;
				CLANG_WARN_OBJC_IMPLICIT_RETAIN_SELF = YES;
				CLANG_WARN_OBJC_LITERAL_CONVERSION = YES;
				CLANG_WARN_OBJC_ROOT_CLASS = YES_ERROR;
				CLANG_WARN_QUOTED_INCLUDE_IN_FRAMEWORK_HEADER = YES;
				CLANG_WARN_RANGE_LOOP_ANALYSIS = YES;
				CLANG_WARN_STRICT_PROTOTYPES = YES;
				CLANG_WARN_SUSPICIOUS_MOVE = YES;
				CLANG_WARN_UNGUARDED_AVAILABILITY = YES_AGGRESSIVE;
				CLANG_WARN_UNREACHABLE_CODE = YES;
				CLANG_WARN__DUPLICATE_METHOD_MATCH = YES;
				COPY_PHASE_STRIP = NO;
				DEBUG_INFORMATION_FORMAT = "dwarf-with-dsym";
				ENABLE_NS_ASSERTIONS = NO;
				ENABLE_STRICT_OBJC_MSGSEND = YES;
				GCC_C_LANGUAGE_STANDARD = gnu11;
				GCC_NO_COMMON_BLOCKS = YES;
				GCC_WARN_64_TO_32_BIT_CONVERSION = YES;
				GCC_WARN_ABOUT_RETURN_TYPE = YES_ERROR;
				GCC_WARN_UNDECLARED_SELECTOR = YES;
				GCC_WARN_UNINITIALIZED_AUTOS = YES_AGGRESSIVE;
				GCC_WARN_UNUSED_FUNCTION = YES;
				GCC_WARN_UNUSED_VARIABLE = YES;
				IPHONEOS_DEPLOYMENT_TARGET = 15.5;
				MTL_ENABLE_DEBUG_INFO = NO;
				MTL_FAST_MATH = YES;
				SDKROOT = iphoneos;
				SWIFT_COMPILATION_MODE = wholemodule;
				SWIFT_OPTIMIZATION_LEVEL = "-O";
				VALIDATE_PRODUCT = YES;
			};
			name = Release;
		};
		F93B1FF8286F75810011EDAE /* Debug */ = {
			isa = XCBuildConfiguration;
			buildSettings = {
				ASSETCATALOG_COMPILER_APPICON_NAME = AppIcon;
				ASSETCATALOG_COMPILER_GLOBAL_ACCENT_COLOR_NAME = AccentColor;
				CODE_SIGN_STYLE = Automatic;
				CURRENT_PROJECT_VERSION = 1;
				GENERATE_INFOPLIST_FILE = YES;
				INFOPLIST_FILE = Project1/Info.plist;
				INFOPLIST_KEY_UIApplicationSupportsIndirectInputEvents = YES;
				INFOPLIST_KEY_UILaunchStoryboardName = LaunchScreen;
				INFOPLIST_KEY_UIMainStoryboardFile = Main;
				INFOPLIST_KEY_UISupportedInterfaceOrientations_iPad = "UIInterfaceOrientationPortrait UIInterfaceOrientationPortraitUpsideDown UIInterfaceOrientationLandscapeLeft UIInterfaceOrientationLandscapeRight";
				INFOPLIST_KEY_UISupportedInterfaceOrientations_iPhone = "UIInterfaceOrientationPortrait UIInterfaceOrientationLandscapeLeft UIInterfaceOrientationLandscapeRight";
				LD_RUNPATH_SEARCH_PATHS = (
					"$(inherited)",
					"@executable_path/Frameworks",
				);
				MARKETING_VERSION = 1.0;
				PRODUCT_BUNDLE_IDENTIFIER = com.abdulvokhid.Project1;
				PRODUCT_NAME = "$(TARGET_NAME)";
				SWIFT_EMIT_LOC_STRINGS = YES;
				SWIFT_VERSION = 5.0;
				TARGETED_DEVICE_FAMILY = "1,2";
			};
			name = Debug;
		};
		F93B1FF9286F75810011EDAE /* Release */ = {
			isa = XCBuildConfiguration;
			buildSettings = {
				ASSETCATALOG_COMPILER_APPICON_NAME = AppIcon;
				ASSETCATALOG_COMPILER_GLOBAL_ACCENT_COLOR_NAME = AccentColor;
				CODE_SIGN_STYLE = Automatic;
				CURRENT_PROJECT_VERSION = 1;
				GENERATE_INFOPLIST_FILE = YES;
				INFOPLIST_FILE = Project1/Info.plist;
				INFOPLIST_KEY_UIApplicationSupportsIndirectInputEvents = YES;
				INFOPLIST_KEY_UILaunchStoryboardName = LaunchScreen;
				INFOPLIST_KEY_UIMainStoryboardFile = Main;
				INFOPLIST_KEY_UISupportedInterfaceOrientations_iPad = "UIInterfaceOrientationPortrait UIInterfaceOrientationPortraitUpsideDown UIInterfaceOrientationLandscapeLeft UIInterfaceOrientationLandscapeRight";
				INFOPLIST_KEY_UISupportedInterfaceOrientations_iPhone = "UIInterfaceOrientationPortrait UIInterfaceOrientationLandscapeLeft UIInterfaceOrientationLandscapeRight";
				LD_RUNPATH_SEARCH_PATHS = (
					"$(inherited)",
					"@executable_path/Frameworks",
				);
				MARKETING_VERSION = 1.0;
				PRODUCT_BUNDLE_IDENTIFIER = com.abdulvokhid.Project1;
				PRODUCT_NAME = "$(TARGET_NAME)";
				SWIFT_EMIT_LOC_STRINGS = YES;
				SWIFT_VERSION = 5.0;
				TARGETED_DEVICE_FAMILY = "1,2";
			};
			name = Release;
		};
/* End XCBuildConfiguration section */

/* Begin XCConfigurationList section */
		F93B1FDE286F757C0011EDAE /* Build configuration list for PBXProject "Project1" */ = {
			isa = XCConfigurationList;
			buildConfigurations = (
				F93B1FF5286F75810011EDAE /* Debug */,
				F93B1FF6286F75810011EDAE /* Release */,
			);
			defaultConfigurationIsVisible = 0;
			defaultConfigurationName = Release;
		};
		F93B1FF7286F75810011EDAE /* Build configuration list for PBXNativeTarget "Project1" */ = {
			isa = XCConfigurationList;
			buildConfigurations = (
				F93B1FF8286F75810011EDAE /* Debug */,
				F93B1FF9286F75810011EDAE /* Release */,
			);
			defaultConfigurationIsVisible = 0;
			defaultConfigurationName = Release;
		};
/* End XCConfigurationList section */
	};
	rootObject = F93B1FDB286F757C0011EDAE /* Project object */;
}
